// !$*UTF8*$!
{
	archiveVersion = 1;
	classes = {
	};
	objectVersion = 56;
	objects = {

/* Begin PBXBuildFile section */
		2002A1E52A26980F005EE0E4 /* GoogleService-Info.plist in Resources */ = {isa = PBXBuildFile; fileRef = 2002A1E42A26980F005EE0E4 /* GoogleService-Info.plist */; };
		2002A1E72A269B1B005EE0E4 /* AuthService.swift in Sources */ = {isa = PBXBuildFile; fileRef = 2002A1E62A269B1B005EE0E4 /* AuthService.swift */; };
		2002A1E92A269C73005EE0E4 /* Constants.swift in Sources */ = {isa = PBXBuildFile; fileRef = 2002A1E82A269C73005EE0E4 /* Constants.swift */; };
		2004F8FE2A25395B00D8BF63 /* ResetPasswordController.swift in Sources */ = {isa = PBXBuildFile; fileRef = 2004F8FD2A25395B00D8BF63 /* ResetPasswordController.swift */; };
		2004F9002A25426600D8BF63 /* UIVIewController+Utils.swift in Sources */ = {isa = PBXBuildFile; fileRef = 2004F8FF2A25426600D8BF63 /* UIVIewController+Utils.swift */; };
		200E692D29E70F9100648594 /* CustomTextField.swift in Sources */ = {isa = PBXBuildFile; fileRef = 200E692C29E70F9100648594 /* CustomTextField.swift */; };
		200E692F29E7134A00648594 /* AuthButton.swift in Sources */ = {isa = PBXBuildFile; fileRef = 200E692E29E7134A00648594 /* AuthButton.swift */; };
		2011F1B929E63B0F0028C911 /* AppDelegate.swift in Sources */ = {isa = PBXBuildFile; fileRef = 2011F1B829E63B0F0028C911 /* AppDelegate.swift */; };
		2011F1BB29E63B0F0028C911 /* SceneDelegate.swift in Sources */ = {isa = PBXBuildFile; fileRef = 2011F1BA29E63B0F0028C911 /* SceneDelegate.swift */; };
		2011F1BD29E63B0F0028C911 /* ViewController.swift in Sources */ = {isa = PBXBuildFile; fileRef = 2011F1BC29E63B0F0028C911 /* ViewController.swift */; };
		2011F1C229E63B100028C911 /* Assets.xcassets in Resources */ = {isa = PBXBuildFile; fileRef = 2011F1C129E63B100028C911 /* Assets.xcassets */; };
		2011F1C529E63B100028C911 /* LaunchScreen.storyboard in Resources */ = {isa = PBXBuildFile; fileRef = 2011F1C329E63B100028C911 /* LaunchScreen.storyboard */; };
		2011F1D329E63B7C0028C911 /* HomeController.swift in Sources */ = {isa = PBXBuildFile; fileRef = 2011F1D229E63B7C0028C911 /* HomeController.swift */; };
		2011F1D529E63B8B0028C911 /* LoginController.swift in Sources */ = {isa = PBXBuildFile; fileRef = 2011F1D429E63B8B0028C911 /* LoginController.swift */; };
		2039E6982A2591D500810DDA /* FirebaseAuth in Frameworks */ = {isa = PBXBuildFile; productRef = 2039E6972A2591D500810DDA /* FirebaseAuth */; };
		2039E69A2A2591D500810DDA /* FirebaseFirestore in Frameworks */ = {isa = PBXBuildFile; productRef = 2039E6992A2591D500810DDA /* FirebaseFirestore */; };
		2039E69C2A2591D500810DDA /* FirebaseStorage in Frameworks */ = {isa = PBXBuildFile; productRef = 2039E69B2A2591D500810DDA /* FirebaseStorage */; };
		2039E6A12A2592D900810DDA /* JGProgressHUD in Frameworks */ = {isa = PBXBuildFile; productRef = 2039E6A02A2592D900810DDA /* JGProgressHUD */; };
		2039E6A42A25935700810DDA /* PaperOnboarding in Frameworks */ = {isa = PBXBuildFile; productRef = 2039E6A32A25935700810DDA /* PaperOnboarding */; };
		2077B0882A225516004108DA /* RegistrationController.swift in Sources */ = {isa = PBXBuildFile; fileRef = 2077B0872A225516004108DA /* RegistrationController.swift */; };
		20DCD5272A218D1C007F7145 /* DividerView.swift in Sources */ = {isa = PBXBuildFile; fileRef = 20DCD5262A218D1C007F7145 /* DividerView.swift */; };
		20DCD5292A2194FE007F7145 /* CustomButton.swift in Sources */ = {isa = PBXBuildFile; fileRef = 20DCD5282A2194FE007F7145 /* CustomButton.swift */; };
		20E21D8F2A2556BB00D6085E /* LoginViewModel.swift in Sources */ = {isa = PBXBuildFile; fileRef = 20E21D8E2A2556BB00D6085E /* LoginViewModel.swift */; };
		20E21D912A2556D500D6085E /* RegistrationViewModel.swift in Sources */ = {isa = PBXBuildFile; fileRef = 20E21D902A2556D500D6085E /* RegistrationViewModel.swift */; };
		20E21D932A2556E500D6085E /* ResetPasswordViewModel.swift in Sources */ = {isa = PBXBuildFile; fileRef = 20E21D922A2556E500D6085E /* ResetPasswordViewModel.swift */; };
		20E21D952A2561AB00D6085E /* AuthenticationViewModelProtocol.swift in Sources */ = {isa = PBXBuildFile; fileRef = 20E21D942A2561AB00D6085E /* AuthenticationViewModelProtocol.swift */; };
		20E21D972A25661700D6085E /* AuthFormViewModelProtocol.swift in Sources */ = {isa = PBXBuildFile; fileRef = 20E21D962A25661700D6085E /* AuthFormViewModelProtocol.swift */; };
/* End PBXBuildFile section */

/* Begin PBXFileReference section */
		2002A1E42A26980F005EE0E4 /* GoogleService-Info.plist */ = {isa = PBXFileReference; fileEncoding = 4; lastKnownFileType = text.plist.xml; path = "GoogleService-Info.plist"; sourceTree = "<group>"; };
		2002A1E62A269B1B005EE0E4 /* AuthService.swift */ = {isa = PBXFileReference; lastKnownFileType = sourcecode.swift; path = AuthService.swift; sourceTree = "<group>"; };
		2002A1E82A269C73005EE0E4 /* Constants.swift */ = {isa = PBXFileReference; lastKnownFileType = sourcecode.swift; path = Constants.swift; sourceTree = "<group>"; };
		2004F8FD2A25395B00D8BF63 /* ResetPasswordController.swift */ = {isa = PBXFileReference; lastKnownFileType = sourcecode.swift; path = ResetPasswordController.swift; sourceTree = "<group>"; };
		2004F8FF2A25426600D8BF63 /* UIVIewController+Utils.swift */ = {isa = PBXFileReference; lastKnownFileType = sourcecode.swift; path = "UIVIewController+Utils.swift"; sourceTree = "<group>"; };
		200E692C29E70F9100648594 /* CustomTextField.swift */ = {isa = PBXFileReference; lastKnownFileType = sourcecode.swift; path = CustomTextField.swift; sourceTree = "<group>"; };
		200E692E29E7134A00648594 /* AuthButton.swift */ = {isa = PBXFileReference; lastKnownFileType = sourcecode.swift; path = AuthButton.swift; sourceTree = "<group>"; };
		2011F1B529E63B0F0028C911 /* OnboardingProject.app */ = {isa = PBXFileReference; explicitFileType = wrapper.application; includeInIndex = 0; path = OnboardingProject.app; sourceTree = BUILT_PRODUCTS_DIR; };
		2011F1B829E63B0F0028C911 /* AppDelegate.swift */ = {isa = PBXFileReference; lastKnownFileType = sourcecode.swift; path = AppDelegate.swift; sourceTree = "<group>"; };
		2011F1BA29E63B0F0028C911 /* SceneDelegate.swift */ = {isa = PBXFileReference; lastKnownFileType = sourcecode.swift; path = SceneDelegate.swift; sourceTree = "<group>"; };
		2011F1BC29E63B0F0028C911 /* ViewController.swift */ = {isa = PBXFileReference; lastKnownFileType = sourcecode.swift; path = ViewController.swift; sourceTree = "<group>"; };
		2011F1C129E63B100028C911 /* Assets.xcassets */ = {isa = PBXFileReference; lastKnownFileType = folder.assetcatalog; path = Assets.xcassets; sourceTree = "<group>"; };
		2011F1C429E63B100028C911 /* Base */ = {isa = PBXFileReference; lastKnownFileType = file.storyboard; name = Base; path = Base.lproj/LaunchScreen.storyboard; sourceTree = "<group>"; };
		2011F1C629E63B100028C911 /* Info.plist */ = {isa = PBXFileReference; lastKnownFileType = text.plist.xml; path = Info.plist; sourceTree = "<group>"; };
		2011F1D229E63B7C0028C911 /* HomeController.swift */ = {isa = PBXFileReference; lastKnownFileType = sourcecode.swift; path = HomeController.swift; sourceTree = "<group>"; };
		2011F1D429E63B8B0028C911 /* LoginController.swift */ = {isa = PBXFileReference; lastKnownFileType = sourcecode.swift; path = LoginController.swift; sourceTree = "<group>"; };
		2011F1D629E6400F0028C911 /* README.md */ = {isa = PBXFileReference; lastKnownFileType = net.daringfireball.markdown; path = README.md; sourceTree = "<group>"; };
		2077B0872A225516004108DA /* RegistrationController.swift */ = {isa = PBXFileReference; lastKnownFileType = sourcecode.swift; path = RegistrationController.swift; sourceTree = "<group>"; };
		20DCD5262A218D1C007F7145 /* DividerView.swift */ = {isa = PBXFileReference; lastKnownFileType = sourcecode.swift; path = DividerView.swift; sourceTree = "<group>"; };
		20DCD5282A2194FE007F7145 /* CustomButton.swift */ = {isa = PBXFileReference; lastKnownFileType = sourcecode.swift; path = CustomButton.swift; sourceTree = "<group>"; };
		20E21D8E2A2556BB00D6085E /* LoginViewModel.swift */ = {isa = PBXFileReference; lastKnownFileType = sourcecode.swift; path = LoginViewModel.swift; sourceTree = "<group>"; };
		20E21D902A2556D500D6085E /* RegistrationViewModel.swift */ = {isa = PBXFileReference; lastKnownFileType = sourcecode.swift; path = RegistrationViewModel.swift; sourceTree = "<group>"; };
		20E21D922A2556E500D6085E /* ResetPasswordViewModel.swift */ = {isa = PBXFileReference; lastKnownFileType = sourcecode.swift; path = ResetPasswordViewModel.swift; sourceTree = "<group>"; };
		20E21D942A2561AB00D6085E /* AuthenticationViewModelProtocol.swift */ = {isa = PBXFileReference; lastKnownFileType = sourcecode.swift; path = AuthenticationViewModelProtocol.swift; sourceTree = "<group>"; };
		20E21D962A25661700D6085E /* AuthFormViewModelProtocol.swift */ = {isa = PBXFileReference; lastKnownFileType = sourcecode.swift; path = AuthFormViewModelProtocol.swift; sourceTree = "<group>"; };
/* End PBXFileReference section */

/* Begin PBXFrameworksBuildPhase section */
		2011F1B229E63B0F0028C911 /* Frameworks */ = {
			isa = PBXFrameworksBuildPhase;
			buildActionMask = 2147483647;
			files = (
				2039E6A12A2592D900810DDA /* JGProgressHUD in Frameworks */,
				2039E6982A2591D500810DDA /* FirebaseAuth in Frameworks */,
				2039E69A2A2591D500810DDA /* FirebaseFirestore in Frameworks */,
				2039E69C2A2591D500810DDA /* FirebaseStorage in Frameworks */,
				2039E6A42A25935700810DDA /* PaperOnboarding in Frameworks */,
			);
			runOnlyForDeploymentPostprocessing = 0;
		};
/* End PBXFrameworksBuildPhase section */

/* Begin PBXGroup section */
		2011F1AC29E63B0F0028C911 = {
			isa = PBXGroup;
			children = (
				2011F1D629E6400F0028C911 /* README.md */,
				2011F1B729E63B0F0028C911 /* OnboardingProject */,
				2011F1B629E63B0F0028C911 /* Products */,
			);
			sourceTree = "<group>";
		};
		2011F1B629E63B0F0028C911 /* Products */ = {
			isa = PBXGroup;
			children = (
				2011F1B529E63B0F0028C911 /* OnboardingProject.app */,
			);
			name = Products;
			sourceTree = "<group>";
		};
		2011F1B729E63B0F0028C911 /* OnboardingProject */ = {
			isa = PBXGroup;
			children = (
				2011F1CD29E63B330028C911 /* Model */,
				2011F1CC29E63B240028C911 /* View */,
				2011F1CE29E63B420028C911 /* ViewModel */,
				2011F1CF29E63B490028C911 /* Controller */,
				2011F1D029E63B5A0028C911 /* API */,
				2011F1D129E63B600028C911 /* Utils */,
				2011F1B829E63B0F0028C911 /* AppDelegate.swift */,
				2011F1BA29E63B0F0028C911 /* SceneDelegate.swift */,
				2011F1BC29E63B0F0028C911 /* ViewController.swift */,
				2011F1C129E63B100028C911 /* Assets.xcassets */,
				2011F1C329E63B100028C911 /* LaunchScreen.storyboard */,
				2011F1C629E63B100028C911 /* Info.plist */,
				2002A1E42A26980F005EE0E4 /* GoogleService-Info.plist */,
			);
			path = OnboardingProject;
			sourceTree = "<group>";
		};
		2011F1CC29E63B240028C911 /* View */ = {
			isa = PBXGroup;
			children = (
				200E692C29E70F9100648594 /* CustomTextField.swift */,
				20DCD5282A2194FE007F7145 /* CustomButton.swift */,
				20DCD5262A218D1C007F7145 /* DividerView.swift */,
				200E692E29E7134A00648594 /* AuthButton.swift */,
			);
			path = View;
			sourceTree = "<group>";
		};
		2011F1CD29E63B330028C911 /* Model */ = {
			isa = PBXGroup;
			children = (
			);
			path = Model;
			sourceTree = "<group>";
		};
		2011F1CE29E63B420028C911 /* ViewModel */ = {
			isa = PBXGroup;
			children = (
				20E21D8D2A2556A500D6085E /* authentication */,
			);
			path = ViewModel;
			sourceTree = "<group>";
		};
		2011F1CF29E63B490028C911 /* Controller */ = {
			isa = PBXGroup;
			children = (
				2011F1D229E63B7C0028C911 /* HomeController.swift */,
				20E21D962A25661700D6085E /* AuthFormViewModelProtocol.swift */,
				2004F8FD2A25395B00D8BF63 /* ResetPasswordController.swift */,
				2011F1D429E63B8B0028C911 /* LoginController.swift */,
				2077B0872A225516004108DA /* RegistrationController.swift */,
			);
			path = Controller;
			sourceTree = "<group>";
		};
		2011F1D029E63B5A0028C911 /* API */ = {
			isa = PBXGroup;
			children = (
				2002A1E62A269B1B005EE0E4 /* AuthService.swift */,
			);
			path = API;
			sourceTree = "<group>";
		};
		2011F1D129E63B600028C911 /* Utils */ = {
			isa = PBXGroup;
			children = (
				2004F8FF2A25426600D8BF63 /* UIVIewController+Utils.swift */,
				2002A1E82A269C73005EE0E4 /* Constants.swift */,
			);
			path = Utils;
			sourceTree = "<group>";
		};
		20E21D8D2A2556A500D6085E /* authentication */ = {
			isa = PBXGroup;
			children = (
				20E21D942A2561AB00D6085E /* AuthenticationViewModelProtocol.swift */,
				20E21D8E2A2556BB00D6085E /* LoginViewModel.swift */,
				20E21D902A2556D500D6085E /* RegistrationViewModel.swift */,
				20E21D922A2556E500D6085E /* ResetPasswordViewModel.swift */,
			);
			path = authentication;
			sourceTree = "<group>";
		};
/* End PBXGroup section */

/* Begin PBXNativeTarget section */
		2011F1B429E63B0F0028C911 /* OnboardingProject */ = {
			isa = PBXNativeTarget;
			buildConfigurationList = 2011F1C929E63B100028C911 /* Build configuration list for PBXNativeTarget "OnboardingProject" */;
			buildPhases = (
				2011F1B129E63B0F0028C911 /* Sources */,
				2011F1B229E63B0F0028C911 /* Frameworks */,
				2011F1B329E63B0F0028C911 /* Resources */,
			);
			buildRules = (
			);
			dependencies = (
			);
			name = OnboardingProject;
			packageProductDependencies = (
				2039E6972A2591D500810DDA /* FirebaseAuth */,
				2039E6992A2591D500810DDA /* FirebaseFirestore */,
				2039E69B2A2591D500810DDA /* FirebaseStorage */,
				2039E6A02A2592D900810DDA /* JGProgressHUD */,
				2039E6A32A25935700810DDA /* PaperOnboarding */,
			);
			productName = OnboardingProject;
			productReference = 2011F1B529E63B0F0028C911 /* OnboardingProject.app */;
			productType = "com.apple.product-type.application";
		};
/* End PBXNativeTarget section */

/* Begin PBXProject section */
		2011F1AD29E63B0F0028C911 /* Project object */ = {
			isa = PBXProject;
			attributes = {
				BuildIndependentTargetsInParallel = 1;
				LastSwiftUpdateCheck = 1430;
				LastUpgradeCheck = 1430;
				TargetAttributes = {
					2011F1B429E63B0F0028C911 = {
						CreatedOnToolsVersion = 14.3;
					};
				};
			};
			buildConfigurationList = 2011F1B029E63B0F0028C911 /* Build configuration list for PBXProject "OnboardingProject" */;
			compatibilityVersion = "Xcode 14.0";
			developmentRegion = en;
			hasScannedForEncodings = 0;
			knownRegions = (
				en,
				Base,
			);
			mainGroup = 2011F1AC29E63B0F0028C911;
			packageReferences = (
				2039E6962A2591D500810DDA /* XCRemoteSwiftPackageReference "firebase-ios-sdk" */,
				2039E69F2A2592D900810DDA /* XCRemoteSwiftPackageReference "JGProgressHUD" */,
				2039E6A22A25935700810DDA /* XCRemoteSwiftPackageReference "paper-onboarding" */,
			);
			productRefGroup = 2011F1B629E63B0F0028C911 /* Products */;
			projectDirPath = "";
			projectRoot = "";
			targets = (
				2011F1B429E63B0F0028C911 /* OnboardingProject */,
			);
		};
/* End PBXProject section */

/* Begin PBXResourcesBuildPhase section */
		2011F1B329E63B0F0028C911 /* Resources */ = {
			isa = PBXResourcesBuildPhase;
			buildActionMask = 2147483647;
			files = (
				2011F1C529E63B100028C911 /* LaunchScreen.storyboard in Resources */,
				2011F1C229E63B100028C911 /* Assets.xcassets in Resources */,
				2002A1E52A26980F005EE0E4 /* GoogleService-Info.plist in Resources */,
			);
			runOnlyForDeploymentPostprocessing = 0;
		};
/* End PBXResourcesBuildPhase section */

/* Begin PBXSourcesBuildPhase section */
		2011F1B129E63B0F0028C911 /* Sources */ = {
			isa = PBXSourcesBuildPhase;
			buildActionMask = 2147483647;
			files = (
				2004F9002A25426600D8BF63 /* UIVIewController+Utils.swift in Sources */,
				2002A1E92A269C73005EE0E4 /* Constants.swift in Sources */,
				2011F1D329E63B7C0028C911 /* HomeController.swift in Sources */,
				200E692F29E7134A00648594 /* AuthButton.swift in Sources */,
				2002A1E72A269B1B005EE0E4 /* AuthService.swift in Sources */,
				20DCD5292A2194FE007F7145 /* CustomButton.swift in Sources */,
				2011F1BD29E63B0F0028C911 /* ViewController.swift in Sources */,
				20E21D8F2A2556BB00D6085E /* LoginViewModel.swift in Sources */,
				200E692D29E70F9100648594 /* CustomTextField.swift in Sources */,
				2011F1B929E63B0F0028C911 /* AppDelegate.swift in Sources */,
				20E21D932A2556E500D6085E /* ResetPasswordViewModel.swift in Sources */,
				2004F8FE2A25395B00D8BF63 /* ResetPasswordController.swift in Sources */,
				20E21D912A2556D500D6085E /* RegistrationViewModel.swift in Sources */,
				2011F1BB29E63B0F0028C911 /* SceneDelegate.swift in Sources */,
				20DCD5272A218D1C007F7145 /* DividerView.swift in Sources */,
				20E21D972A25661700D6085E /* AuthFormViewModelProtocol.swift in Sources */,
				2077B0882A225516004108DA /* RegistrationController.swift in Sources */,
				20E21D952A2561AB00D6085E /* AuthenticationViewModelProtocol.swift in Sources */,
				2011F1D529E63B8B0028C911 /* LoginController.swift in Sources */,
			);
			runOnlyForDeploymentPostprocessing = 0;
		};
/* End PBXSourcesBuildPhase section */

/* Begin PBXVariantGroup section */
		2011F1C329E63B100028C911 /* LaunchScreen.storyboard */ = {
			isa = PBXVariantGroup;
			children = (
				2011F1C429E63B100028C911 /* Base */,
			);
			name = LaunchScreen.storyboard;
			sourceTree = "<group>";
		};
/* End PBXVariantGroup section */

/* Begin XCBuildConfiguration section */
		2011F1C729E63B100028C911 /* Debug */ = {
			isa = XCBuildConfiguration;
			buildSettings = {
				ALWAYS_SEARCH_USER_PATHS = NO;
				CLANG_ANALYZER_NONNULL = YES;
				CLANG_ANALYZER_NUMBER_OBJECT_CONVERSION = YES_AGGRESSIVE;
				CLANG_CXX_LANGUAGE_STANDARD = "gnu++20";
				CLANG_ENABLE_MODULES = YES;
				CLANG_ENABLE_OBJC_ARC = YES;
				CLANG_ENABLE_OBJC_WEAK = YES;
				CLANG_WARN_BLOCK_CAPTURE_AUTORELEASING = YES;
				CLANG_WARN_BOOL_CONVERSION = YES;
				CLANG_WARN_COMMA = YES;
				CLANG_WARN_CONSTANT_CONVERSION = YES;
				CLANG_WARN_DEPRECATED_OBJC_IMPLEMENTATIONS = YES;
				CLANG_WARN_DIRECT_OBJC_ISA_USAGE = YES_ERROR;
				CLANG_WARN_DOCUMENTATION_COMMENTS = YES;
				CLANG_WARN_EMPTY_BODY = YES;
				CLANG_WARN_ENUM_CONVERSION = YES;
				CLANG_WARN_INFINITE_RECURSION = YES;
				CLANG_WARN_INT_CONVERSION = YES;
				CLANG_WARN_NON_LITERAL_NULL_CONVERSION = YES;
				CLANG_WARN_OBJC_IMPLICIT_RETAIN_SELF = YES;
				CLANG_WARN_OBJC_LITERAL_CONVERSION = YES;
				CLANG_WARN_OBJC_ROOT_CLASS = YES_ERROR;
				CLANG_WARN_QUOTED_INCLUDE_IN_FRAMEWORK_HEADER = YES;
				CLANG_WARN_RANGE_LOOP_ANALYSIS = YES;
				CLANG_WARN_STRICT_PROTOTYPES = YES;
				CLANG_WARN_SUSPICIOUS_MOVE = YES;
				CLANG_WARN_UNGUARDED_AVAILABILITY = YES_AGGRESSIVE;
				CLANG_WARN_UNREACHABLE_CODE = YES;
				CLANG_WARN__DUPLICATE_METHOD_MATCH = YES;
				COPY_PHASE_STRIP = NO;
				DEBUG_INFORMATION_FORMAT = dwarf;
				ENABLE_STRICT_OBJC_MSGSEND = YES;
				ENABLE_TESTABILITY = YES;
				GCC_C_LANGUAGE_STANDARD = gnu11;
				GCC_DYNAMIC_NO_PIC = NO;
				GCC_NO_COMMON_BLOCKS = YES;
				GCC_OPTIMIZATION_LEVEL = 0;
				GCC_PREPROCESSOR_DEFINITIONS = (
					"DEBUG=1",
					"$(inherited)",
				);
				GCC_WARN_64_TO_32_BIT_CONVERSION = YES;
				GCC_WARN_ABOUT_RETURN_TYPE = YES_ERROR;
				GCC_WARN_UNDECLARED_SELECTOR = YES;
				GCC_WARN_UNINITIALIZED_AUTOS = YES_AGGRESSIVE;
				GCC_WARN_UNUSED_FUNCTION = YES;
				GCC_WARN_UNUSED_VARIABLE = YES;
				IPHONEOS_DEPLOYMENT_TARGET = 16.4;
				MTL_ENABLE_DEBUG_INFO = INCLUDE_SOURCE;
				MTL_FAST_MATH = YES;
				ONLY_ACTIVE_ARCH = YES;
				SDKROOT = iphoneos;
				SWIFT_ACTIVE_COMPILATION_CONDITIONS = DEBUG;
				SWIFT_OPTIMIZATION_LEVEL = "-Onone";
			};
			name = Debug;
		};
		2011F1C829E63B100028C911 /* Release */ = {
			isa = XCBuildConfiguration;
			buildSettings = {
				ALWAYS_SEARCH_USER_PATHS = NO;
				CLANG_ANALYZER_NONNULL = YES;
				CLANG_ANALYZER_NUMBER_OBJECT_CONVERSION = YES_AGGRESSIVE;
				CLANG_CXX_LANGUAGE_STANDARD = "gnu++20";
				CLANG_ENABLE_MODULES = YES;
				CLANG_ENABLE_OBJC_ARC = YES;
				CLANG_ENABLE_OBJC_WEAK = YES;
				CLANG_WARN_BLOCK_CAPTURE_AUTORELEASING = YES;
				CLANG_WARN_BOOL_CONVERSION = YES;
				CLANG_WARN_COMMA = YES;
				CLANG_WARN_CONSTANT_CONVERSION = YES;
				CLANG_WARN_DEPRECATED_OBJC_IMPLEMENTATIONS = YES;
				CLANG_WARN_DIRECT_OBJC_ISA_USAGE = YES_ERROR;
				CLANG_WARN_DOCUMENTATION_COMMENTS = YES;
				CLANG_WARN_EMPTY_BODY = YES;
				CLANG_WARN_ENUM_CONVERSION = YES;
				CLANG_WARN_INFINITE_RECURSION = YES;
				CLANG_WARN_INT_CONVERSION = YES;
				CLANG_WARN_NON_LITERAL_NULL_CONVERSION = YES;
				CLANG_WARN_OBJC_IMPLICIT_RETAIN_SELF = YES;
				CLANG_WARN_OBJC_LITERAL_CONVERSION = YES;
				CLANG_WARN_OBJC_ROOT_CLASS = YES_ERROR;
				CLANG_WARN_QUOTED_INCLUDE_IN_FRAMEWORK_HEADER = YES;
				CLANG_WARN_RANGE_LOOP_ANALYSIS = YES;
				CLANG_WARN_STRICT_PROTOTYPES = YES;
				CLANG_WARN_SUSPICIOUS_MOVE = YES;
				CLANG_WARN_UNGUARDED_AVAILABILITY = YES_AGGRESSIVE;
				CLANG_WARN_UNREACHABLE_CODE = YES;
				CLANG_WARN__DUPLICATE_METHOD_MATCH = YES;
				COPY_PHASE_STRIP = NO;
				DEBUG_INFORMATION_FORMAT = "dwarf-with-dsym";
				ENABLE_NS_ASSERTIONS = NO;
				ENABLE_STRICT_OBJC_MSGSEND = YES;
				GCC_C_LANGUAGE_STANDARD = gnu11;
				GCC_NO_COMMON_BLOCKS = YES;
				GCC_WARN_64_TO_32_BIT_CONVERSION = YES;
				GCC_WARN_ABOUT_RETURN_TYPE = YES_ERROR;
				GCC_WARN_UNDECLARED_SELECTOR = YES;
				GCC_WARN_UNINITIALIZED_AUTOS = YES_AGGRESSIVE;
				GCC_WARN_UNUSED_FUNCTION = YES;
				GCC_WARN_UNUSED_VARIABLE = YES;
				IPHONEOS_DEPLOYMENT_TARGET = 16.4;
				MTL_ENABLE_DEBUG_INFO = NO;
				MTL_FAST_MATH = YES;
				SDKROOT = iphoneos;
				SWIFT_COMPILATION_MODE = wholemodule;
				SWIFT_OPTIMIZATION_LEVEL = "-O";
				VALIDATE_PRODUCT = YES;
			};
			name = Release;
		};
		2011F1CA29E63B100028C911 /* Debug */ = {
			isa = XCBuildConfiguration;
			buildSettings = {
				ASSETCATALOG_COMPILER_APPICON_NAME = AppIcon;
				ASSETCATALOG_COMPILER_GLOBAL_ACCENT_COLOR_NAME = AccentColor;
				CODE_SIGN_STYLE = Automatic;
				CURRENT_PROJECT_VERSION = 1;
				DEVELOPMENT_TEAM = DZDWNPN8YP;
				GENERATE_INFOPLIST_FILE = YES;
				INFOPLIST_FILE = OnboardingProject/Info.plist;
				INFOPLIST_KEY_UIApplicationSupportsIndirectInputEvents = YES;
				INFOPLIST_KEY_UILaunchStoryboardName = LaunchScreen;
				INFOPLIST_KEY_UISupportedInterfaceOrientations_iPad = "UIInterfaceOrientationPortrait UIInterfaceOrientationPortraitUpsideDown UIInterfaceOrientationLandscapeLeft UIInterfaceOrientationLandscapeRight";
				INFOPLIST_KEY_UISupportedInterfaceOrientations_iPhone = "UIInterfaceOrientationPortrait UIInterfaceOrientationLandscapeLeft UIInterfaceOrientationLandscapeRight";
				LD_RUNPATH_SEARCH_PATHS = (
					"$(inherited)",
					"@executable_path/Frameworks",
				);
				MARKETING_VERSION = 1.0;
				PRODUCT_BUNDLE_IDENTIFIER = com.eacardenase.OnboardingProject;
				PRODUCT_NAME = "$(TARGET_NAME)";
				SWIFT_EMIT_LOC_STRINGS = YES;
				SWIFT_VERSION = 5.0;
				TARGETED_DEVICE_FAMILY = "1,2";
			};
			name = Debug;
		};
		2011F1CB29E63B100028C911 /* Release */ = {
			isa = XCBuildConfiguration;
			buildSettings = {
				ASSETCATALOG_COMPILER_APPICON_NAME = AppIcon;
				ASSETCATALOG_COMPILER_GLOBAL_ACCENT_COLOR_NAME = AccentColor;
				CODE_SIGN_STYLE = Automatic;
				CURRENT_PROJECT_VERSION = 1;
				DEVELOPMENT_TEAM = DZDWNPN8YP;
				GENERATE_INFOPLIST_FILE = YES;
				INFOPLIST_FILE = OnboardingProject/Info.plist;
				INFOPLIST_KEY_UIApplicationSupportsIndirectInputEvents = YES;
				INFOPLIST_KEY_UILaunchStoryboardName = LaunchScreen;
				INFOPLIST_KEY_UISupportedInterfaceOrientations_iPad = "UIInterfaceOrientationPortrait UIInterfaceOrientationPortraitUpsideDown UIInterfaceOrientationLandscapeLeft UIInterfaceOrientationLandscapeRight";
				INFOPLIST_KEY_UISupportedInterfaceOrientations_iPhone = "UIInterfaceOrientationPortrait UIInterfaceOrientationLandscapeLeft UIInterfaceOrientationLandscapeRight";
				LD_RUNPATH_SEARCH_PATHS = (
					"$(inherited)",
					"@executable_path/Frameworks",
				);
				MARKETING_VERSION = 1.0;
				PRODUCT_BUNDLE_IDENTIFIER = com.eacardenase.OnboardingProject;
				PRODUCT_NAME = "$(TARGET_NAME)";
				SWIFT_EMIT_LOC_STRINGS = YES;
				SWIFT_VERSION = 5.0;
				TARGETED_DEVICE_FAMILY = "1,2";
			};
			name = Release;
		};
/* End XCBuildConfiguration section */

/* Begin XCConfigurationList section */
		2011F1B029E63B0F0028C911 /* Build configuration list for PBXProject "OnboardingProject" */ = {
			isa = XCConfigurationList;
			buildConfigurations = (
				2011F1C729E63B100028C911 /* Debug */,
				2011F1C829E63B100028C911 /* Release */,
			);
			defaultConfigurationIsVisible = 0;
			defaultConfigurationName = Release;
		};
		2011F1C929E63B100028C911 /* Build configuration list for PBXNativeTarget "OnboardingProject" */ = {
			isa = XCConfigurationList;
			buildConfigurations = (
				2011F1CA29E63B100028C911 /* Debug */,
				2011F1CB29E63B100028C911 /* Release */,
			);
			defaultConfigurationIsVisible = 0;
			defaultConfigurationName = Release;
		};
/* End XCConfigurationList section */

/* Begin XCRemoteSwiftPackageReference section */
		2039E6962A2591D500810DDA /* XCRemoteSwiftPackageReference "firebase-ios-sdk" */ = {
			isa = XCRemoteSwiftPackageReference;
			repositoryURL = "https://github.com/firebase/firebase-ios-sdk";
			requirement = {
				kind = upToNextMajorVersion;
				minimumVersion = 10.0.0;
			};
		};
		2039E69F2A2592D900810DDA /* XCRemoteSwiftPackageReference "JGProgressHUD" */ = {
			isa = XCRemoteSwiftPackageReference;
			repositoryURL = "https://github.com/JonasGessner/JGProgressHUD";
			requirement = {
				kind = upToNextMajorVersion;
				minimumVersion = 2.0.0;
			};
		};
		2039E6A22A25935700810DDA /* XCRemoteSwiftPackageReference "paper-onboarding" */ = {
			isa = XCRemoteSwiftPackageReference;
			repositoryURL = "https://github.com/Ramotion/paper-onboarding";
			requirement = {
				kind = upToNextMajorVersion;
				minimumVersion = 6.0.0;
			};
		};
/* End XCRemoteSwiftPackageReference section */

/* Begin XCSwiftPackageProductDependency section */
		2039E6972A2591D500810DDA /* FirebaseAuth */ = {
			isa = XCSwiftPackageProductDependency;
			package = 2039E6962A2591D500810DDA /* XCRemoteSwiftPackageReference "firebase-ios-sdk" */;
			productName = FirebaseAuth;
		};
		2039E6992A2591D500810DDA /* FirebaseFirestore */ = {
			isa = XCSwiftPackageProductDependency;
			package = 2039E6962A2591D500810DDA /* XCRemoteSwiftPackageReference "firebase-ios-sdk" */;
			productName = FirebaseFirestore;
		};
		2039E69B2A2591D500810DDA /* FirebaseStorage */ = {
			isa = XCSwiftPackageProductDependency;
			package = 2039E6962A2591D500810DDA /* XCRemoteSwiftPackageReference "firebase-ios-sdk" */;
			productName = FirebaseStorage;
		};
		2039E6A02A2592D900810DDA /* JGProgressHUD */ = {
			isa = XCSwiftPackageProductDependency;
			package = 2039E69F2A2592D900810DDA /* XCRemoteSwiftPackageReference "JGProgressHUD" */;
			productName = JGProgressHUD;
		};
		2039E6A32A25935700810DDA /* PaperOnboarding */ = {
			isa = XCSwiftPackageProductDependency;
			package = 2039E6A22A25935700810DDA /* XCRemoteSwiftPackageReference "paper-onboarding" */;
			productName = PaperOnboarding;
		};
/* End XCSwiftPackageProductDependency section */
	};
	rootObject = 2011F1AD29E63B0F0028C911 /* Project object */;
}
